
Microsoft Visual Studio Solution File, Format Version 12.00
# Visual Studio Version 16
VisualStudioVersion = 16.0.31911.196
MinimumVisualStudioVersion = 10.0.40219.1
Project("{FAE04EC0-301F-11D3-BF4B-00C04F79EFBC}") = "ArabaOyunu", "ArabaOyunu\ArabaOyunu.csproj", "{8C4BD8D2-E9A2-4BF9-8330-00044D6CF703}"
EndProject
Global
	GlobalSection(SolutionConfigurationPlatforms) = preSolution
		Debug|Any CPU = Debug|Any CPU
		Release|Any CPU = Release|Any CPU
	EndGlobalSection
	GlobalSection(ProjectConfigurationPlatforms) = postSolution
		{8C4BD8D2-E9A2-4BF9-8330-00044D6CF703}.Debug|Any CPU.ActiveCfg = Debug|Any CPU
		{8C4BD8D2-E9A2-4BF9-8330-00044D6CF703}.Debug|Any CPU.Build.0 = Debug|Any CPU
		{8C4BD8D2-E9A2-4BF9-8330-00044D6CF703}.Release|Any CPU.ActiveCfg = Release|Any CPU
		{8C4BD8D2-E9A2-4BF9-8330-00044D6CF703}.Release|Any CPU.Build.0 = Release|Any CPU
	EndGlobalSection
	GlobalSection(SolutionProperties) = preSolution
		HideSolutionNode = FALSE
	EndGlobalSection
	GlobalSection(ExtensibilityGlobals) = postSolution
		SolutionGuid = {B665FE01-D6F0-4E37-ADAE-8AD51423A0B9}
	EndGlobalSection
EndGlobal
